
Microsoft Visual Studio Solution File, Format Version 12.00
# Visual Studio Version 17
VisualStudioVersion = 17.5.33424.131
MinimumVisualStudioVersion = 10.0.40219.1
Project("{FAE04EC0-301F-11D3-BF4B-00C04F79EFBC}") = "Tasks7-10", "Tasks7-10\Tasks7-10.csproj", "{EF21E39B-A42B-4227-97EB-83286AD17D84}"
EndProject
Project("{FAE04EC0-301F-11D3-BF4B-00C04F79EFBC}") = "Chronometer", "Chronometer\Chronometer.csproj", "{3292484B-FFBE-4004-8BA3-26A7A830F090}"
EndProject
Global
	GlobalSection(SolutionConfigurationPlatforms) = preSolution
		Debug|Any CPU = Debug|Any CPU
		Release|Any CPU = Release|Any CPU
	EndGlobalSection
	GlobalSection(ProjectConfigurationPlatforms) = postSolution
		{EF21E39B-A42B-4227-97EB-83286AD17D84}.Debug|Any CPU.ActiveCfg = Debug|Any CPU
		{EF21E39B-A42B-4227-97EB-83286AD17D84}.Debug|Any CPU.Build.0 = Debug|Any CPU
		{EF21E39B-A42B-4227-97EB-83286AD17D84}.Release|Any CPU.ActiveCfg = Release|Any CPU
		{EF21E39B-A42B-4227-97EB-83286AD17D84}.Release|Any CPU.Build.0 = Release|Any CPU
		{3292484B-FFBE-4004-8BA3-26A7A830F090}.Debug|Any CPU.ActiveCfg = Debug|Any CPU
		{3292484B-FFBE-4004-8BA3-26A7A830F090}.Debug|Any CPU.Build.0 = Debug|Any CPU
		{3292484B-FFBE-4004-8BA3-26A7A830F090}.Release|Any CPU.ActiveCfg = Release|Any CPU
		{3292484B-FFBE-4004-8BA3-26A7A830F090}.Release|Any CPU.Build.0 = Release|Any CPU
	EndGlobalSection
	GlobalSection(SolutionProperties) = preSolution
		HideSolutionNode = FALSE
	EndGlobalSection
	GlobalSection(ExtensibilityGlobals) = postSolution
		SolutionGuid = {D6296EEC-822B-4A8C-9EF5-ED3058EA1803}
	EndGlobalSection
EndGlobal
